
Microsoft Visual Studio Solution File, Format Version 12.00
# Visual Studio Version 17
VisualStudioVersion = 17.1.32421.90
MinimumVisualStudioVersion = 10.0.40219.1
Project("{FAE04EC0-301F-11D3-BF4B-00C04F79EFBC}") = "Kanbanize", "Kanbanize\Kanbanize.csproj", "{1D20DDBF-8B8E-440F-BA12-B11C98BFB1CD}"
EndProject
Global
	GlobalSection(SolutionConfigurationPlatforms) = preSolution
		Debug|Any CPU = Debug|Any CPU
		Release|Any CPU = Release|Any CPU
	EndGlobalSection
	GlobalSection(ProjectConfigurationPlatforms) = postSolution
		{1D20DDBF-8B8E-440F-BA12-B11C98BFB1CD}.Debug|Any CPU.ActiveCfg = Debug|Any CPU
		{1D20DDBF-8B8E-440F-BA12-B11C98BFB1CD}.Debug|Any CPU.Build.0 = Debug|Any CPU
		{1D20DDBF-8B8E-440F-BA12-B11C98BFB1CD}.Release|Any CPU.ActiveCfg = Release|Any CPU
		{1D20DDBF-8B8E-440F-BA12-B11C98BFB1CD}.Release|Any CPU.Build.0 = Release|Any CPU
	EndGlobalSection
	GlobalSection(SolutionProperties) = preSolution
		HideSolutionNode = FALSE
	EndGlobalSection
	GlobalSection(ExtensibilityGlobals) = postSolution
		SolutionGuid = {AB5E0667-2BEF-47EA-8264-D2F230DD5697}
	EndGlobalSection
EndGlobal
